
Microsoft Visual Studio Solution File, Format Version 12.00
# Visual Studio Version 17
VisualStudioVersion = 17.7.34009.444
MinimumVisualStudioVersion = 10.0.40219.1
Project("{FAE04EC0-301F-11D3-BF4B-00C04F79EFBC}") = "kampint1", "kampint1\kampint1.csproj", "{F80E3731-EF51-44CD-BA9A-09E8252BB377}"
EndProject
Project("{FAE04EC0-301F-11D3-BF4B-00C04F79EFBC}") = "Loops", "Loops\Loops.csproj", "{949FCB2A-BA03-4B1C-A277-8D30AA93C15F}"
EndProject
Project("{FAE04EC0-301F-11D3-BF4B-00C04F79EFBC}") = "Classintro", "Classintro\Classintro.csproj", "{AE174981-39A7-4A89-B6FF-4B6EFDD104DC}"
EndProject
Project("{FAE04EC0-301F-11D3-BF4B-00C04F79EFBC}") = "homeworkcamp", "homeworkcamp\homeworkcamp.csproj", "{D5E27432-CCF3-4D77-A6D9-266BBBFCD8A3}"
EndProject
Project("{FAE04EC0-301F-11D3-BF4B-00C04F79EFBC}") = "Methods", "Methods\Methods.csproj", "{BD6B1DA8-7AF5-466F-8F34-7A113DB4B6AE}"
EndProject
Project("{FAE04EC0-301F-11D3-BF4B-00C04F79EFBC}") = "Matematik", "Matematik\Matematik.csproj", "{C8320D10-F7C2-4D35-81D1-46730007D732}"
EndProject
Project("{FAE04EC0-301F-11D3-BF4B-00C04F79EFBC}") = "DegerVeReferansTipler", "DegerVeReferansTipler\DegerVeReferansTipler.csproj", "{25B44CE1-B57B-41AD-B8BC-AA4AB65F71EC}"
EndProject
Project("{FAE04EC0-301F-11D3-BF4B-00C04F79EFBC}") = "OOP1", "OOP1\OOP1.csproj", "{04FD9DF4-EF52-451B-B624-7AED173243C3}"
EndProject
Project("{FAE04EC0-301F-11D3-BF4B-00C04F79EFBC}") = "Collections", "Collections\Collections.csproj", "{D06D1765-3756-4932-8B5B-03B861CA8081}"
EndProject
Project("{FAE04EC0-301F-11D3-BF4B-00C04F79EFBC}") = "GenericsIntro", "GenericsIntro\GenericsIntro.csproj", "{A2CA4711-DB84-490C-9060-0CA7F709C6D8}"
EndProject
Project("{FAE04EC0-301F-11D3-BF4B-00C04F79EFBC}") = "ReferenceTypes", "ReferenceTypes\ReferenceTypes.csproj", "{5997CD71-DA00-47D3-ADC0-72D34B97202F}"
EndProject
Project("{FAE04EC0-301F-11D3-BF4B-00C04F79EFBC}") = "Constructors", "..\HomeWork\Constructors\Constructors.csproj", "{4A3E13D2-A16D-45FD-B273-26173CAC58C9}"
EndProject
Project("{FAE04EC0-301F-11D3-BF4B-00C04F79EFBC}") = "Generics", "Generics\Generics.csproj", "{4F6D575E-B944-46A0-8D8D-A1AEE0996FCA}"
EndProject
Project("{FAE04EC0-301F-11D3-BF4B-00C04F79EFBC}") = "DictionaryDegeri", "DictionaryDegeri\DictionaryDegeri.csproj", "{11CE6DE6-800E-4AE4-B14B-8791AC5A9E91}"
EndProject
Project("{FAE04EC0-301F-11D3-BF4B-00C04F79EFBC}") = "GenericsMyDictionaryDemo", "..\HomeWork\GenericsMyDictionaryDemo\GenericsMyDictionaryDemo.csproj", "{1AC0B03F-6C5E-40F9-8E9E-5D9E97C15691}"
EndProject
Project("{FAE04EC0-301F-11D3-BF4B-00C04F79EFBC}") = "OOP2", "OOP2\OOP2.csproj", "{281FBD62-2D2F-40C7-8809-74189C2038B3}"
EndProject
Project("{FAE04EC0-301F-11D3-BF4B-00C04F79EFBC}") = "OOP3", "OOP3\OOP3.csproj", "{B100EB95-E293-4C6A-A517-7F0C00D68D90}"
EndProject
Project("{FAE04EC0-301F-11D3-BF4B-00C04F79EFBC}") = "Classes", "Classes\Classes.csproj", "{A19982B5-AC92-493D-B6A8-AF0CDEF002B8}"
EndProject
Project("{FAE04EC0-301F-11D3-BF4B-00C04F79EFBC}") = "RecapDemo1", "RecapDemo1\RecapDemo1.csproj", "{53EE4E5F-1BBA-403E-8A6F-F214E9223912}"
EndProject
Project("{FAE04EC0-301F-11D3-BF4B-00C04F79EFBC}") = "Interfaces", "Interfaces\Interfaces.csproj", "{5C25DF4D-0051-4F67-B660-76FCAC008F14}"
EndProject
Project("{FAE04EC0-301F-11D3-BF4B-00C04F79EFBC}") = "InterfacesDemo", "InterfacesDemo\InterfacesDemo.csproj", "{5C0C28E8-985E-4D11-BA0D-3F508C52BC0C}"
EndProject
Project("{FAE04EC0-301F-11D3-BF4B-00C04F79EFBC}") = "Inheritance", "Inheritance\Inheritance.csproj", "{AE12E430-412A-4885-9948-6888FC3E4D66}"
EndProject
Project("{FAE04EC0-301F-11D3-BF4B-00C04F79EFBC}") = "AbstractClasses", "AbstractClasses\AbstractClasses.csproj", "{DAC666B9-AAF8-4549-A430-01648D629E6C}"
EndProject
Project("{FAE04EC0-301F-11D3-BF4B-00C04F79EFBC}") = "AbstractInterfaceProject", "AbstractInterfaceProject\AbstractInterfaceProject.csproj", "{9D27FAC0-52A3-44C8-A3D6-3173176EAB21}"
EndProject
Project("{FAE04EC0-301F-11D3-BF4B-00C04F79EFBC}") = "InterfaceAbstractDemo", "InterfaceAbstractDemo\InterfaceAbstractDemo.csproj", "{083821A0-FC0F-451E-9AC7-FEB34F6038AD}"
EndProject
Project("{9A19103F-16F7-4668-BE54-9A1E7A4F7556}") = "LinqProject", "LinqProject\LinqProject.csproj", "{BA35619D-FE7D-45CA-9C29-5E60E1659A92}"
EndProject
Project("{9A19103F-16F7-4668-BE54-9A1E7A4F7556}") = "EntityFrameworkDemo", "EntityFrameworkDemo\EntityFrameworkDemo.csproj", "{5DFF0BE9-5A2D-47DE-822E-E280962F9BC9}"
EndProject
Project("{9A19103F-16F7-4668-BE54-9A1E7A4F7556}") = "EntityFrameworkDemov2", "EntityFrameworkDemov2\EntityFrameworkDemov2.csproj", "{4C3D942E-5008-48EC-AC69-DA23F61767C2}"
EndProject
Project("{FAE04EC0-301F-11D3-BF4B-00C04F79EFBC}") = "Attributes", "Attributes\Attributes.csproj", "{9E79E486-E0CD-431D-977D-D385FB02FA6F}"
EndProject
Project("{FAE04EC0-301F-11D3-BF4B-00C04F79EFBC}") = "Reflection", "Reflection\Reflection.csproj", "{977FB044-7C06-4482-A90B-389B9824295E}"
EndProject
Project("{FAE04EC0-301F-11D3-BF4B-00C04F79EFBC}") = "Delegates", "Delegetes\Delegates.csproj", "{64D9B83C-003B-427D-8882-EC84EE65F2FC}"
EndProject
Project("{FAE04EC0-301F-11D3-BF4B-00C04F79EFBC}") = "Exceptions", "Exceptions\Exceptions.csproj", "{456C36BF-40A9-4088-9CCA-126DF7A623B1}"
EndProject
Project("{FAE04EC0-301F-11D3-BF4B-00C04F79EFBC}") = "Events", "Events\Events.csproj", "{00ECD63A-F29D-4CDE-956C-CA0B6D1E53D2}"
EndProject
Global
	GlobalSection(SolutionConfigurationPlatforms) = preSolution
		Debug|Any CPU = Debug|Any CPU
		Release|Any CPU = Release|Any CPU
	EndGlobalSection
	GlobalSection(ProjectConfigurationPlatforms) = postSolution
		{F80E3731-EF51-44CD-BA9A-09E8252BB377}.Debug|Any CPU.ActiveCfg = Debug|Any CPU
		{F80E3731-EF51-44CD-BA9A-09E8252BB377}.Debug|Any CPU.Build.0 = Debug|Any CPU
		{F80E3731-EF51-44CD-BA9A-09E8252BB377}.Release|Any CPU.ActiveCfg = Release|Any CPU
		{F80E3731-EF51-44CD-BA9A-09E8252BB377}.Release|Any CPU.Build.0 = Release|Any CPU
		{949FCB2A-BA03-4B1C-A277-8D30AA93C15F}.Debug|Any CPU.ActiveCfg = Debug|Any CPU
		{949FCB2A-BA03-4B1C-A277-8D30AA93C15F}.Debug|Any CPU.Build.0 = Debug|Any CPU
		{949FCB2A-BA03-4B1C-A277-8D30AA93C15F}.Release|Any CPU.ActiveCfg = Release|Any CPU
		{949FCB2A-BA03-4B1C-A277-8D30AA93C15F}.Release|Any CPU.Build.0 = Release|Any CPU
		{AE174981-39A7-4A89-B6FF-4B6EFDD104DC}.Debug|Any CPU.ActiveCfg = Debug|Any CPU
		{AE174981-39A7-4A89-B6FF-4B6EFDD104DC}.Debug|Any CPU.Build.0 = Debug|Any CPU
		{AE174981-39A7-4A89-B6FF-4B6EFDD104DC}.Release|Any CPU.ActiveCfg = Release|Any CPU
		{AE174981-39A7-4A89-B6FF-4B6EFDD104DC}.Release|Any CPU.Build.0 = Release|Any CPU
		{D5E27432-CCF3-4D77-A6D9-266BBBFCD8A3}.Debug|Any CPU.ActiveCfg = Debug|Any CPU
		{D5E27432-CCF3-4D77-A6D9-266BBBFCD8A3}.Debug|Any CPU.Build.0 = Debug|Any CPU
		{D5E27432-CCF3-4D77-A6D9-266BBBFCD8A3}.Release|Any CPU.ActiveCfg = Release|Any CPU
		{D5E27432-CCF3-4D77-A6D9-266BBBFCD8A3}.Release|Any CPU.Build.0 = Release|Any CPU
		{BD6B1DA8-7AF5-466F-8F34-7A113DB4B6AE}.Debug|Any CPU.ActiveCfg = Debug|Any CPU
		{BD6B1DA8-7AF5-466F-8F34-7A113DB4B6AE}.Debug|Any CPU.Build.0 = Debug|Any CPU
		{BD6B1DA8-7AF5-466F-8F34-7A113DB4B6AE}.Release|Any CPU.ActiveCfg = Release|Any CPU
		{BD6B1DA8-7AF5-466F-8F34-7A113DB4B6AE}.Release|Any CPU.Build.0 = Release|Any CPU
		{C8320D10-F7C2-4D35-81D1-46730007D732}.Debug|Any CPU.ActiveCfg = Debug|Any CPU
		{C8320D10-F7C2-4D35-81D1-46730007D732}.Debug|Any CPU.Build.0 = Debug|Any CPU
		{C8320D10-F7C2-4D35-81D1-46730007D732}.Release|Any CPU.ActiveCfg = Release|Any CPU
		{C8320D10-F7C2-4D35-81D1-46730007D732}.Release|Any CPU.Build.0 = Release|Any CPU
		{25B44CE1-B57B-41AD-B8BC-AA4AB65F71EC}.Debug|Any CPU.ActiveCfg = Debug|Any CPU
		{25B44CE1-B57B-41AD-B8BC-AA4AB65F71EC}.Debug|Any CPU.Build.0 = Debug|Any CPU
		{25B44CE1-B57B-41AD-B8BC-AA4AB65F71EC}.Release|Any CPU.ActiveCfg = Release|Any CPU
		{25B44CE1-B57B-41AD-B8BC-AA4AB65F71EC}.Release|Any CPU.Build.0 = Release|Any CPU
		{04FD9DF4-EF52-451B-B624-7AED173243C3}.Debug|Any CPU.ActiveCfg = Debug|Any CPU
		{04FD9DF4-EF52-451B-B624-7AED173243C3}.Debug|Any CPU.Build.0 = Debug|Any CPU
		{04FD9DF4-EF52-451B-B624-7AED173243C3}.Release|Any CPU.ActiveCfg = Release|Any CPU
		{04FD9DF4-EF52-451B-B624-7AED173243C3}.Release|Any CPU.Build.0 = Release|Any CPU
		{D06D1765-3756-4932-8B5B-03B861CA8081}.Debug|Any CPU.ActiveCfg = Debug|Any CPU
		{D06D1765-3756-4932-8B5B-03B861CA8081}.Debug|Any CPU.Build.0 = Debug|Any CPU
		{D06D1765-3756-4932-8B5B-03B861CA8081}.Release|Any CPU.ActiveCfg = Release|Any CPU
		{D06D1765-3756-4932-8B5B-03B861CA8081}.Release|Any CPU.Build.0 = Release|Any CPU
		{A2CA4711-DB84-490C-9060-0CA7F709C6D8}.Debug|Any CPU.ActiveCfg = Debug|Any CPU
		{A2CA4711-DB84-490C-9060-0CA7F709C6D8}.Debug|Any CPU.Build.0 = Debug|Any CPU
		{A2CA4711-DB84-490C-9060-0CA7F709C6D8}.Release|Any CPU.ActiveCfg = Release|Any CPU
		{A2CA4711-DB84-490C-9060-0CA7F709C6D8}.Release|Any CPU.Build.0 = Release|Any CPU
		{5997CD71-DA00-47D3-ADC0-72D34B97202F}.Debug|Any CPU.ActiveCfg = Debug|Any CPU
		{5997CD71-DA00-47D3-ADC0-72D34B97202F}.Debug|Any CPU.Build.0 = Debug|Any CPU
		{5997CD71-DA00-47D3-ADC0-72D34B97202F}.Release|Any CPU.ActiveCfg = Release|Any CPU
		{5997CD71-DA00-47D3-ADC0-72D34B97202F}.Release|Any CPU.Build.0 = Release|Any CPU
		{4A3E13D2-A16D-45FD-B273-26173CAC58C9}.Debug|Any CPU.ActiveCfg = Debug|Any CPU
		{4A3E13D2-A16D-45FD-B273-26173CAC58C9}.Debug|Any CPU.Build.0 = Debug|Any CPU
		{4A3E13D2-A16D-45FD-B273-26173CAC58C9}.Release|Any CPU.ActiveCfg = Release|Any CPU
		{4A3E13D2-A16D-45FD-B273-26173CAC58C9}.Release|Any CPU.Build.0 = Release|Any CPU
		{4F6D575E-B944-46A0-8D8D-A1AEE0996FCA}.Debug|Any CPU.ActiveCfg = Debug|Any CPU
		{4F6D575E-B944-46A0-8D8D-A1AEE0996FCA}.Debug|Any CPU.Build.0 = Debug|Any CPU
		{4F6D575E-B944-46A0-8D8D-A1AEE0996FCA}.Release|Any CPU.ActiveCfg = Release|Any CPU
		{4F6D575E-B944-46A0-8D8D-A1AEE0996FCA}.Release|Any CPU.Build.0 = Release|Any CPU
		{11CE6DE6-800E-4AE4-B14B-8791AC5A9E91}.Debug|Any CPU.ActiveCfg = Debug|Any CPU
		{11CE6DE6-800E-4AE4-B14B-8791AC5A9E91}.Debug|Any CPU.Build.0 = Debug|Any CPU
		{11CE6DE6-800E-4AE4-B14B-8791AC5A9E91}.Release|Any CPU.ActiveCfg = Release|Any CPU
		{11CE6DE6-800E-4AE4-B14B-8791AC5A9E91}.Release|Any CPU.Build.0 = Release|Any CPU
		{1AC0B03F-6C5E-40F9-8E9E-5D9E97C15691}.Debug|Any CPU.ActiveCfg = Debug|Any CPU
		{1AC0B03F-6C5E-40F9-8E9E-5D9E97C15691}.Debug|Any CPU.Build.0 = Debug|Any CPU
		{1AC0B03F-6C5E-40F9-8E9E-5D9E97C15691}.Release|Any CPU.ActiveCfg = Release|Any CPU
		{1AC0B03F-6C5E-40F9-8E9E-5D9E97C15691}.Release|Any CPU.Build.0 = Release|Any CPU
		{281FBD62-2D2F-40C7-8809-74189C2038B3}.Debug|Any CPU.ActiveCfg = Debug|Any CPU
		{281FBD62-2D2F-40C7-8809-74189C2038B3}.Debug|Any CPU.Build.0 = Debug|Any CPU
		{281FBD62-2D2F-40C7-8809-74189C2038B3}.Release|Any CPU.ActiveCfg = Release|Any CPU
		{281FBD62-2D2F-40C7-8809-74189C2038B3}.Release|Any CPU.Build.0 = Release|Any CPU
		{B100EB95-E293-4C6A-A517-7F0C00D68D90}.Debug|Any CPU.ActiveCfg = Debug|Any CPU
		{B100EB95-E293-4C6A-A517-7F0C00D68D90}.Debug|Any CPU.Build.0 = Debug|Any CPU
		{B100EB95-E293-4C6A-A517-7F0C00D68D90}.Release|Any CPU.ActiveCfg = Release|Any CPU
		{B100EB95-E293-4C6A-A517-7F0C00D68D90}.Release|Any CPU.Build.0 = Release|Any CPU
		{A19982B5-AC92-493D-B6A8-AF0CDEF002B8}.Debug|Any CPU.ActiveCfg = Debug|Any CPU
		{A19982B5-AC92-493D-B6A8-AF0CDEF002B8}.Debug|Any CPU.Build.0 = Debug|Any CPU
		{A19982B5-AC92-493D-B6A8-AF0CDEF002B8}.Release|Any CPU.ActiveCfg = Release|Any CPU
		{A19982B5-AC92-493D-B6A8-AF0CDEF002B8}.Release|Any CPU.Build.0 = Release|Any CPU
		{53EE4E5F-1BBA-403E-8A6F-F214E9223912}.Debug|Any CPU.ActiveCfg = Debug|Any CPU
		{53EE4E5F-1BBA-403E-8A6F-F214E9223912}.Debug|Any CPU.Build.0 = Debug|Any CPU
		{53EE4E5F-1BBA-403E-8A6F-F214E9223912}.Release|Any CPU.ActiveCfg = Release|Any CPU
		{53EE4E5F-1BBA-403E-8A6F-F214E9223912}.Release|Any CPU.Build.0 = Release|Any CPU
		{5C25DF4D-0051-4F67-B660-76FCAC008F14}.Debug|Any CPU.ActiveCfg = Debug|Any CPU
		{5C25DF4D-0051-4F67-B660-76FCAC008F14}.Debug|Any CPU.Build.0 = Debug|Any CPU
		{5C25DF4D-0051-4F67-B660-76FCAC008F14}.Release|Any CPU.ActiveCfg = Release|Any CPU
		{5C25DF4D-0051-4F67-B660-76FCAC008F14}.Release|Any CPU.Build.0 = Release|Any CPU
		{5C0C28E8-985E-4D11-BA0D-3F508C52BC0C}.Debug|Any CPU.ActiveCfg = Debug|Any CPU
		{5C0C28E8-985E-4D11-BA0D-3F508C52BC0C}.Debug|Any CPU.Build.0 = Debug|Any CPU
		{5C0C28E8-985E-4D11-BA0D-3F508C52BC0C}.Release|Any CPU.ActiveCfg = Release|Any CPU
		{5C0C28E8-985E-4D11-BA0D-3F508C52BC0C}.Release|Any CPU.Build.0 = Release|Any CPU
		{AE12E430-412A-4885-9948-6888FC3E4D66}.Debug|Any CPU.ActiveCfg = Debug|Any CPU
		{AE12E430-412A-4885-9948-6888FC3E4D66}.Debug|Any CPU.Build.0 = Debug|Any CPU
		{AE12E430-412A-4885-9948-6888FC3E4D66}.Release|Any CPU.ActiveCfg = Release|Any CPU
		{AE12E430-412A-4885-9948-6888FC3E4D66}.Release|Any CPU.Build.0 = Release|Any CPU
		{DAC666B9-AAF8-4549-A430-01648D629E6C}.Debug|Any CPU.ActiveCfg = Debug|Any CPU
		{DAC666B9-AAF8-4549-A430-01648D629E6C}.Debug|Any CPU.Build.0 = Debug|Any CPU
		{DAC666B9-AAF8-4549-A430-01648D629E6C}.Release|Any CPU.ActiveCfg = Release|Any CPU
		{DAC666B9-AAF8-4549-A430-01648D629E6C}.Release|Any CPU.Build.0 = Release|Any CPU
		{9D27FAC0-52A3-44C8-A3D6-3173176EAB21}.Debug|Any CPU.ActiveCfg = Debug|Any CPU
		{9D27FAC0-52A3-44C8-A3D6-3173176EAB21}.Debug|Any CPU.Build.0 = Debug|Any CPU
		{9D27FAC0-52A3-44C8-A3D6-3173176EAB21}.Release|Any CPU.ActiveCfg = Release|Any CPU
		{9D27FAC0-52A3-44C8-A3D6-3173176EAB21}.Release|Any CPU.Build.0 = Release|Any CPU
		{083821A0-FC0F-451E-9AC7-FEB34F6038AD}.Debug|Any CPU.ActiveCfg = Debug|Any CPU
		{083821A0-FC0F-451E-9AC7-FEB34F6038AD}.Debug|Any CPU.Build.0 = Debug|Any CPU
		{083821A0-FC0F-451E-9AC7-FEB34F6038AD}.Release|Any CPU.ActiveCfg = Release|Any CPU
		{083821A0-FC0F-451E-9AC7-FEB34F6038AD}.Release|Any CPU.Build.0 = Release|Any CPU
		{BA35619D-FE7D-45CA-9C29-5E60E1659A92}.Debug|Any CPU.ActiveCfg = Debug|Any CPU
		{BA35619D-FE7D-45CA-9C29-5E60E1659A92}.Debug|Any CPU.Build.0 = Debug|Any CPU
		{BA35619D-FE7D-45CA-9C29-5E60E1659A92}.Release|Any CPU.ActiveCfg = Release|Any CPU
		{BA35619D-FE7D-45CA-9C29-5E60E1659A92}.Release|Any CPU.Build.0 = Release|Any CPU
		{5DFF0BE9-5A2D-47DE-822E-E280962F9BC9}.Debug|Any CPU.ActiveCfg = Debug|Any CPU
		{5DFF0BE9-5A2D-47DE-822E-E280962F9BC9}.Debug|Any CPU.Build.0 = Debug|Any CPU
		{5DFF0BE9-5A2D-47DE-822E-E280962F9BC9}.Release|Any CPU.ActiveCfg = Release|Any CPU
		{5DFF0BE9-5A2D-47DE-822E-E280962F9BC9}.Release|Any CPU.Build.0 = Release|Any CPU
		{4C3D942E-5008-48EC-AC69-DA23F61767C2}.Debug|Any CPU.ActiveCfg = Debug|Any CPU
		{4C3D942E-5008-48EC-AC69-DA23F61767C2}.Debug|Any CPU.Build.0 = Debug|Any CPU
		{4C3D942E-5008-48EC-AC69-DA23F61767C2}.Release|Any CPU.ActiveCfg = Release|Any CPU
		{4C3D942E-5008-48EC-AC69-DA23F61767C2}.Release|Any CPU.Build.0 = Release|Any CPU
		{9E79E486-E0CD-431D-977D-D385FB02FA6F}.Debug|Any CPU.ActiveCfg = Debug|Any CPU
		{9E79E486-E0CD-431D-977D-D385FB02FA6F}.Debug|Any CPU.Build.0 = Debug|Any CPU
		{9E79E486-E0CD-431D-977D-D385FB02FA6F}.Release|Any CPU.ActiveCfg = Release|Any CPU
		{9E79E486-E0CD-431D-977D-D385FB02FA6F}.Release|Any CPU.Build.0 = Release|Any CPU
		{977FB044-7C06-4482-A90B-389B9824295E}.Debug|Any CPU.ActiveCfg = Debug|Any CPU
		{977FB044-7C06-4482-A90B-389B9824295E}.Debug|Any CPU.Build.0 = Debug|Any CPU
		{977FB044-7C06-4482-A90B-389B9824295E}.Release|Any CPU.ActiveCfg = Release|Any CPU
		{977FB044-7C06-4482-A90B-389B9824295E}.Release|Any CPU.Build.0 = Release|Any CPU
		{64D9B83C-003B-427D-8882-EC84EE65F2FC}.Debug|Any CPU.ActiveCfg = Debug|Any CPU
		{64D9B83C-003B-427D-8882-EC84EE65F2FC}.Debug|Any CPU.Build.0 = Debug|Any CPU
		{64D9B83C-003B-427D-8882-EC84EE65F2FC}.Release|Any CPU.ActiveCfg = Release|Any CPU
		{64D9B83C-003B-427D-8882-EC84EE65F2FC}.Release|Any CPU.Build.0 = Release|Any CPU
		{456C36BF-40A9-4088-9CCA-126DF7A623B1}.Debug|Any CPU.ActiveCfg = Debug|Any CPU
		{456C36BF-40A9-4088-9CCA-126DF7A623B1}.Debug|Any CPU.Build.0 = Debug|Any CPU
		{456C36BF-40A9-4088-9CCA-126DF7A623B1}.Release|Any CPU.ActiveCfg = Release|Any CPU
		{456C36BF-40A9-4088-9CCA-126DF7A623B1}.Release|Any CPU.Build.0 = Release|Any CPU
		{00ECD63A-F29D-4CDE-956C-CA0B6D1E53D2}.Debug|Any CPU.ActiveCfg = Debug|Any CPU
		{00ECD63A-F29D-4CDE-956C-CA0B6D1E53D2}.Debug|Any CPU.Build.0 = Debug|Any CPU
		{00ECD63A-F29D-4CDE-956C-CA0B6D1E53D2}.Release|Any CPU.ActiveCfg = Release|Any CPU
		{00ECD63A-F29D-4CDE-956C-CA0B6D1E53D2}.Release|Any CPU.Build.0 = Release|Any CPU
	EndGlobalSection
	GlobalSection(SolutionProperties) = preSolution
		HideSolutionNode = FALSE
	EndGlobalSection
	GlobalSection(ExtensibilityGlobals) = postSolution
		SolutionGuid = {3FDA5D72-07EC-47EC-8F8C-F4E533B42114}
	EndGlobalSection
EndGlobal
